// !$*UTF8*$!
{
	archiveVersion = 1;
	classes = {
	};
	objectVersion = 46;
	objects = {

/* Begin PBXBuildFile section */
		BC02798C1C15650A0072ED91 /* main.m in Sources */ = {isa = PBXBuildFile; fileRef = BC02798B1C15650A0072ED91 /* main.m */; };
		BC02798F1C15650A0072ED91 /* AppDelegate.m in Sources */ = {isa = PBXBuildFile; fileRef = BC02798E1C15650A0072ED91 /* AppDelegate.m */; };
		BC0279981C15650A0072ED91 /* mirageBox.xcdatamodeld in Sources */ = {isa = PBXBuildFile; fileRef = BC0279961C15650A0072ED91 /* mirageBox.xcdatamodeld */; };
		BC02799A1C15650A0072ED91 /* Assets.xcassets in Resources */ = {isa = PBXBuildFile; fileRef = BC0279991C15650A0072ED91 /* Assets.xcassets */; };
		BC02799D1C15650A0072ED91 /* LaunchScreen.storyboard in Resources */ = {isa = PBXBuildFile; fileRef = BC02799B1C15650A0072ED91 /* LaunchScreen.storyboard */; };
		BC0279A81C15650A0072ED91 /* mirageBoxTests.m in Sources */ = {isa = PBXBuildFile; fileRef = BC0279A71C15650A0072ED91 /* mirageBoxTests.m */; };
		BC0279B31C15650A0072ED91 /* mirageBoxUITests.m in Sources */ = {isa = PBXBuildFile; fileRef = BC0279B21C15650A0072ED91 /* mirageBoxUITests.m */; };
		BC0279E11C156F4B0072ED91 /* RootViewController.m in Sources */ = {isa = PBXBuildFile; fileRef = BC0279DF1C156F4B0072ED91 /* RootViewController.m */; settings = {ASSET_TAGS = (); }; };
		BC027A2A1C15AAC00072ED91 /* BezierViewController.m in Sources */ = {isa = PBXBuildFile; fileRef = BC027A281C15AAC00072ED91 /* BezierViewController.m */; settings = {ASSET_TAGS = (); }; };
		BC8C65871C16DE8A00CBE788 /* MBUtils.m in Sources */ = {isa = PBXBuildFile; fileRef = BC8C65861C16DE8A00CBE788 /* MBUtils.m */; settings = {ASSET_TAGS = (); }; };
		BC8C65A21C170B9F00CBE788 /* PopMaskView.m in Sources */ = {isa = PBXBuildFile; fileRef = BC8C65A11C170B9F00CBE788 /* PopMaskView.m */; settings = {ASSET_TAGS = (); }; };
		BC8C65A61C17133100CBE788 /* PopMaskView.xib in Resources */ = {isa = PBXBuildFile; fileRef = BC8C65A31C170BB800CBE788 /* PopMaskView.xib */; settings = {ASSET_TAGS = (); }; };
		BC8C65A71C1714AA00CBE788 /* RootViewController.xib in Resources */ = {isa = PBXBuildFile; fileRef = BC0279E01C156F4B0072ED91 /* RootViewController.xib */; settings = {ASSET_TAGS = (); }; };
		BC8C65A81C1714B000CBE788 /* BezierViewController.xib in Resources */ = {isa = PBXBuildFile; fileRef = BC027A261C15AAC00072ED91 /* BezierViewController.xib */; settings = {ASSET_TAGS = (); }; };
		BC8C65A91C1714B500CBE788 /* PopMaskViewController.xib in Resources */ = {isa = PBXBuildFile; fileRef = BCEE5D931C16CF42002F6750 /* PopMaskViewController.xib */; settings = {ASSET_TAGS = (); }; };
		BC9EAC931C2173B00068DC76 /* SimpleAnimationViewController.m in Sources */ = {isa = PBXBuildFile; fileRef = BC9EAC911C2173B00068DC76 /* SimpleAnimationViewController.m */; settings = {ASSET_TAGS = (); }; };
		BC9EAC941C2173B00068DC76 /* SimpleAnimationViewController.xib in Resources */ = {isa = PBXBuildFile; fileRef = BC9EAC921C2173B00068DC76 /* SimpleAnimationViewController.xib */; settings = {ASSET_TAGS = (); }; };
		BC9EAC981C2174D50068DC76 /* SimpleBezierLayer.m in Sources */ = {isa = PBXBuildFile; fileRef = BC9EAC971C2174D50068DC76 /* SimpleBezierLayer.m */; settings = {ASSET_TAGS = (); }; };
		BCA88C571C19688800470A28 /* TestViewManager.m in Sources */ = {isa = PBXBuildFile; fileRef = BCA88C561C19688800470A28 /* TestViewManager.m */; settings = {ASSET_TAGS = (); }; };
		BCA88C5A1C196A2F00470A28 /* TestView.m in Sources */ = {isa = PBXBuildFile; fileRef = BCA88C591C196A2F00470A28 /* TestView.m */; settings = {ASSET_TAGS = (); }; };
		BCA88C5C1C196A4000470A28 /* TestView.xib in Resources */ = {isa = PBXBuildFile; fileRef = BCA88C5B1C196A4000470A28 /* TestView.xib */; settings = {ASSET_TAGS = (); }; };
		BCDA75661C23AB1B00D181DB /* CollectionViewController.m in Sources */ = {isa = PBXBuildFile; fileRef = BCDA75641C23AB1B00D181DB /* CollectionViewController.m */; settings = {ASSET_TAGS = (); }; };
		BCDA75671C23AB1B00D181DB /* CollectionViewController.xib in Resources */ = {isa = PBXBuildFile; fileRef = BCDA75651C23AB1B00D181DB /* CollectionViewController.xib */; settings = {ASSET_TAGS = (); }; };
		BCE18EA11C2269D600B655AB /* NotificationViewController.m in Sources */ = {isa = PBXBuildFile; fileRef = BCE18E9F1C2269D600B655AB /* NotificationViewController.m */; settings = {ASSET_TAGS = (); }; };
		BCE18EA21C2269D600B655AB /* NotificationViewController.xib in Resources */ = {isa = PBXBuildFile; fileRef = BCE18EA01C2269D600B655AB /* NotificationViewController.xib */; settings = {ASSET_TAGS = (); }; };
		BCE95FD61C18398E00AC9899 /* libRCTActionSheet.a in Frameworks */ = {isa = PBXBuildFile; fileRef = BCE95F351C17F4E600AC9899 /* libRCTActionSheet.a */; };
		BCE95FD71C18398E00AC9899 /* libRCTGeolocation.a in Frameworks */ = {isa = PBXBuildFile; fileRef = BCE95F3F1C17F59F00AC9899 /* libRCTGeolocation.a */; };
		BCE95FD81C18398E00AC9899 /* libRCTImage.a in Frameworks */ = {isa = PBXBuildFile; fileRef = BCE95F4B1C17F5F900AC9899 /* libRCTImage.a */; };
		BCE95FD91C18398E00AC9899 /* libRCTLinking.a in Frameworks */ = {isa = PBXBuildFile; fileRef = BCE95F511C17F63100AC9899 /* libRCTLinking.a */; };
		BCE95FDA1C18398E00AC9899 /* libRCTNetwork.a in Frameworks */ = {isa = PBXBuildFile; fileRef = BCE95F571C17F65300AC9899 /* libRCTNetwork.a */; };
		BCE95FDB1C18398E00AC9899 /* libRCTSettings.a in Frameworks */ = {isa = PBXBuildFile; fileRef = BCE95F5D1C17F65C00AC9899 /* libRCTSettings.a */; };
		BCE95FDC1C18398E00AC9899 /* libRCTText.a in Frameworks */ = {isa = PBXBuildFile; fileRef = BCE95F631C17F66600AC9899 /* libRCTText.a */; };
		BCE95FDD1C18398E00AC9899 /* libRCTVibration.a in Frameworks */ = {isa = PBXBuildFile; fileRef = BCE95F691C17F6A000AC9899 /* libRCTVibration.a */; };
		BCE95FDE1C18398E00AC9899 /* libRCTWebSocket.a in Frameworks */ = {isa = PBXBuildFile; fileRef = BCE95F6F1C17F6A500AC9899 /* libRCTWebSocket.a */; };
		BCE95FDF1C18398E00AC9899 /* libReact.a in Frameworks */ = {isa = PBXBuildFile; fileRef = BCE95F2F1C17F46B00AC9899 /* libReact.a */; };
		BCEE5D8F1C16CBFB002F6750 /* UIView+Util.m in Sources */ = {isa = PBXBuildFile; fileRef = BCEE5D8E1C16CBFB002F6750 /* UIView+Util.m */; settings = {ASSET_TAGS = (); }; };
		BCEE5D941C16CF42002F6750 /* PopMaskViewController.m in Sources */ = {isa = PBXBuildFile; fileRef = BCEE5D921C16CF42002F6750 /* PopMaskViewController.m */; settings = {ASSET_TAGS = (); }; };
/* End PBXBuildFile section */

/* Begin PBXContainerItemProxy section */
		BC0279A41C15650A0072ED91 /* PBXContainerItemProxy */ = {
			isa = PBXContainerItemProxy;
			containerPortal = BC02797F1C15650A0072ED91 /* Project object */;
			proxyType = 1;
			remoteGlobalIDString = BC0279861C15650A0072ED91;
			remoteInfo = mirageBox;
		};
		BC0279AF1C15650A0072ED91 /* PBXContainerItemProxy */ = {
			isa = PBXContainerItemProxy;
			containerPortal = BC02797F1C15650A0072ED91 /* Project object */;
			proxyType = 1;
			remoteGlobalIDString = BC0279861C15650A0072ED91;
			remoteInfo = mirageBox;
		};
		BCE95F2E1C17F46B00AC9899 /* PBXContainerItemProxy */ = {
			isa = PBXContainerItemProxy;
			containerPortal = BCE95F2A1C17F46B00AC9899 /* React.xcodeproj */;
			proxyType = 2;
			remoteGlobalIDString = 83CBBA2E1A601D0E00E9B192;
			remoteInfo = React;
		};
		BCE95F341C17F4E600AC9899 /* PBXContainerItemProxy */ = {
			isa = PBXContainerItemProxy;
			containerPortal = BCE95F301C17F4E600AC9899 /* RCTActionSheet.xcodeproj */;
			proxyType = 2;
			remoteGlobalIDString = 134814201AA4EA6300B7C361;
			remoteInfo = RCTActionSheet;
		};
		BCE95F3E1C17F59F00AC9899 /* PBXContainerItemProxy */ = {
			isa = PBXContainerItemProxy;
			containerPortal = BCE95F3A1C17F59F00AC9899 /* RCTGeolocation.xcodeproj */;
			proxyType = 2;
			remoteGlobalIDString = 134814201AA4EA6300B7C361;
			remoteInfo = RCTGeolocation;
		};
		BCE95F4A1C17F5F900AC9899 /* PBXContainerItemProxy */ = {
			isa = PBXContainerItemProxy;
			containerPortal = BCE95F461C17F5F900AC9899 /* RCTImage.xcodeproj */;
			proxyType = 2;
			remoteGlobalIDString = 58B5115D1A9E6B3D00147676;
			remoteInfo = RCTImage;
		};
		BCE95F501C17F63100AC9899 /* PBXContainerItemProxy */ = {
			isa = PBXContainerItemProxy;
			containerPortal = BCE95F4C1C17F63100AC9899 /* RCTLinking.xcodeproj */;
			proxyType = 2;
			remoteGlobalIDString = 134814201AA4EA6300B7C361;
			remoteInfo = RCTLinking;
		};
		BCE95F561C17F65300AC9899 /* PBXContainerItemProxy */ = {
			isa = PBXContainerItemProxy;
			containerPortal = BCE95F521C17F65300AC9899 /* RCTNetwork.xcodeproj */;
			proxyType = 2;
			remoteGlobalIDString = 58B511DB1A9E6C8500147676;
			remoteInfo = RCTNetwork;
		};
		BCE95F5C1C17F65C00AC9899 /* PBXContainerItemProxy */ = {
			isa = PBXContainerItemProxy;
			containerPortal = BCE95F581C17F65B00AC9899 /* RCTSettings.xcodeproj */;
			proxyType = 2;
			remoteGlobalIDString = 134814201AA4EA6300B7C361;
			remoteInfo = RCTSettings;
		};
		BCE95F621C17F66600AC9899 /* PBXContainerItemProxy */ = {
			isa = PBXContainerItemProxy;
			containerPortal = BCE95F5E1C17F66600AC9899 /* RCTText.xcodeproj */;
			proxyType = 2;
			remoteGlobalIDString = 58B5119B1A9E6C1200147676;
			remoteInfo = RCTText;
		};
		BCE95F681C17F6A000AC9899 /* PBXContainerItemProxy */ = {
			isa = PBXContainerItemProxy;
			containerPortal = BCE95F641C17F6A000AC9899 /* RCTVibration.xcodeproj */;
			proxyType = 2;
			remoteGlobalIDString = 832C81801AAF6DEF007FA2F7;
			remoteInfo = RCTVibration;
		};
		BCE95F6E1C17F6A500AC9899 /* PBXContainerItemProxy */ = {
			isa = PBXContainerItemProxy;
			containerPortal = BCE95F6A1C17F6A500AC9899 /* RCTWebSocket.xcodeproj */;
			proxyType = 2;
			remoteGlobalIDString = 3C86DF461ADF2C930047B81A;
			remoteInfo = RCTWebSocket;
		};
		BCE960151C18406900AC9899 /* PBXContainerItemProxy */ = {
			isa = PBXContainerItemProxy;
			containerPortal = BCE95F301C17F4E600AC9899 /* RCTActionSheet.xcodeproj */;
			proxyType = 1;
			remoteGlobalIDString = 58B511DA1A9E6C8500147676;
			remoteInfo = RCTActionSheet;
		};
		BCE960171C18406900AC9899 /* PBXContainerItemProxy */ = {
			isa = PBXContainerItemProxy;
			containerPortal = BCE95F3A1C17F59F00AC9899 /* RCTGeolocation.xcodeproj */;
			proxyType = 1;
			remoteGlobalIDString = 58B511DA1A9E6C8500147676;
			remoteInfo = RCTGeolocation;
		};
		BCE960191C18406900AC9899 /* PBXContainerItemProxy */ = {
			isa = PBXContainerItemProxy;
			containerPortal = BCE95F461C17F5F900AC9899 /* RCTImage.xcodeproj */;
			proxyType = 1;
			remoteGlobalIDString = 58B5115C1A9E6B3D00147676;
			remoteInfo = RCTImage;
		};
		BCE9601B1C18406900AC9899 /* PBXContainerItemProxy */ = {
			isa = PBXContainerItemProxy;
			containerPortal = BCE95F4C1C17F63100AC9899 /* RCTLinking.xcodeproj */;
			proxyType = 1;
			remoteGlobalIDString = 58B511DA1A9E6C8500147676;
			remoteInfo = RCTLinking;
		};
		BCE9601D1C18406900AC9899 /* PBXContainerItemProxy */ = {
			isa = PBXContainerItemProxy;
			containerPortal = BCE95F521C17F65300AC9899 /* RCTNetwork.xcodeproj */;
			proxyType = 1;
			remoteGlobalIDString = 58B511DA1A9E6C8500147676;
			remoteInfo = RCTNetwork;
		};
		BCE9601F1C18406900AC9899 /* PBXContainerItemProxy */ = {
			isa = PBXContainerItemProxy;
			containerPortal = BCE95F581C17F65B00AC9899 /* RCTSettings.xcodeproj */;
			proxyType = 1;
			remoteGlobalIDString = 58B511DA1A9E6C8500147676;
			remoteInfo = RCTSettings;
		};
		BCE960211C18406900AC9899 /* PBXContainerItemProxy */ = {
			isa = PBXContainerItemProxy;
			containerPortal = BCE95F5E1C17F66600AC9899 /* RCTText.xcodeproj */;
			proxyType = 1;
			remoteGlobalIDString = 58B5119A1A9E6C1200147676;
			remoteInfo = RCTText;
		};
		BCE960231C18406900AC9899 /* PBXContainerItemProxy */ = {
			isa = PBXContainerItemProxy;
			containerPortal = BCE95F641C17F6A000AC9899 /* RCTVibration.xcodeproj */;
			proxyType = 1;
			remoteGlobalIDString = 832C817F1AAF6DEF007FA2F7;
			remoteInfo = RCTVibration;
		};
		BCE960251C18406900AC9899 /* PBXContainerItemProxy */ = {
			isa = PBXContainerItemProxy;
			containerPortal = BCE95F6A1C17F6A500AC9899 /* RCTWebSocket.xcodeproj */;
			proxyType = 1;
			remoteGlobalIDString = 3C86DF451ADF2C930047B81A;
			remoteInfo = RCTWebSocket;
		};
/* End PBXContainerItemProxy section */

/* Begin PBXFileReference section */
		BC0279871C15650A0072ED91 /* mirageBox.app */ = {isa = PBXFileReference; explicitFileType = wrapper.application; includeInIndex = 0; path = mirageBox.app; sourceTree = BUILT_PRODUCTS_DIR; };
		BC02798B1C15650A0072ED91 /* main.m */ = {isa = PBXFileReference; lastKnownFileType = sourcecode.c.objc; path = main.m; sourceTree = "<group>"; };
		BC02798D1C15650A0072ED91 /* AppDelegate.h */ = {isa = PBXFileReference; lastKnownFileType = sourcecode.c.h; path = AppDelegate.h; sourceTree = "<group>"; };
		BC02798E1C15650A0072ED91 /* AppDelegate.m */ = {isa = PBXFileReference; lastKnownFileType = sourcecode.c.objc; path = AppDelegate.m; sourceTree = "<group>"; };
		BC0279971C15650A0072ED91 /* mirageBox.xcdatamodel */ = {isa = PBXFileReference; lastKnownFileType = wrapper.xcdatamodel; path = mirageBox.xcdatamodel; sourceTree = "<group>"; };
		BC0279991C15650A0072ED91 /* Assets.xcassets */ = {isa = PBXFileReference; lastKnownFileType = folder.assetcatalog; path = Assets.xcassets; sourceTree = "<group>"; };
		BC02799C1C15650A0072ED91 /* Base */ = {isa = PBXFileReference; lastKnownFileType = file.storyboard; name = Base; path = Base.lproj/LaunchScreen.storyboard; sourceTree = "<group>"; };
		BC02799E1C15650A0072ED91 /* Info.plist */ = {isa = PBXFileReference; lastKnownFileType = text.plist.xml; path = Info.plist; sourceTree = "<group>"; };
		BC0279A31C15650A0072ED91 /* mirageBoxTests.xctest */ = {isa = PBXFileReference; explicitFileType = wrapper.cfbundle; includeInIndex = 0; path = mirageBoxTests.xctest; sourceTree = BUILT_PRODUCTS_DIR; };
		BC0279A71C15650A0072ED91 /* mirageBoxTests.m */ = {isa = PBXFileReference; lastKnownFileType = sourcecode.c.objc; path = mirageBoxTests.m; sourceTree = "<group>"; };
		BC0279A91C15650A0072ED91 /* Info.plist */ = {isa = PBXFileReference; lastKnownFileType = text.plist.xml; path = Info.plist; sourceTree = "<group>"; };
		BC0279AE1C15650A0072ED91 /* mirageBoxUITests.xctest */ = {isa = PBXFileReference; explicitFileType = wrapper.cfbundle; includeInIndex = 0; path = mirageBoxUITests.xctest; sourceTree = BUILT_PRODUCTS_DIR; };
		BC0279B21C15650A0072ED91 /* mirageBoxUITests.m */ = {isa = PBXFileReference; lastKnownFileType = sourcecode.c.objc; path = mirageBoxUITests.m; sourceTree = "<group>"; };
		BC0279B41C15650A0072ED91 /* Info.plist */ = {isa = PBXFileReference; lastKnownFileType = text.plist.xml; path = Info.plist; sourceTree = "<group>"; };
		BC0279DE1C156F4B0072ED91 /* RootViewController.h */ = {isa = PBXFileReference; fileEncoding = 4; lastKnownFileType = sourcecode.c.h; path = RootViewController.h; sourceTree = "<group>"; };
		BC0279DF1C156F4B0072ED91 /* RootViewController.m */ = {isa = PBXFileReference; fileEncoding = 4; lastKnownFileType = sourcecode.c.objc; path = RootViewController.m; sourceTree = "<group>"; };
		BC0279E01C156F4B0072ED91 /* RootViewController.xib */ = {isa = PBXFileReference; fileEncoding = 4; lastKnownFileType = file.xib; path = RootViewController.xib; sourceTree = "<group>"; };
		BC027A261C15AAC00072ED91 /* BezierViewController.xib */ = {isa = PBXFileReference; fileEncoding = 4; lastKnownFileType = file.xib; name = BezierViewController.xib; path = static/BezierViewController.xib; sourceTree = "<group>"; };
		BC027A271C15AAC00072ED91 /* BezierViewController.h */ = {isa = PBXFileReference; fileEncoding = 4; lastKnownFileType = sourcecode.c.h; name = BezierViewController.h; path = static/BezierViewController.h; sourceTree = "<group>"; };
		BC027A281C15AAC00072ED91 /* BezierViewController.m */ = {isa = PBXFileReference; fileEncoding = 4; lastKnownFileType = sourcecode.c.objc; name = BezierViewController.m; path = static/BezierViewController.m; sourceTree = "<group>"; };
		BC8C65851C16DE8A00CBE788 /* MBUtils.h */ = {isa = PBXFileReference; fileEncoding = 4; lastKnownFileType = sourcecode.c.h; name = MBUtils.h; path = utils/MBUtils.h; sourceTree = "<group>"; };
		BC8C65861C16DE8A00CBE788 /* MBUtils.m */ = {isa = PBXFileReference; fileEncoding = 4; lastKnownFileType = sourcecode.c.objc; name = MBUtils.m; path = utils/MBUtils.m; sourceTree = "<group>"; };
		BC8C65A01C170B9F00CBE788 /* PopMaskView.h */ = {isa = PBXFileReference; fileEncoding = 4; lastKnownFileType = sourcecode.c.h; name = PopMaskView.h; path = "recycle code/PopMaskView.h"; sourceTree = "<group>"; };
		BC8C65A11C170B9F00CBE788 /* PopMaskView.m */ = {isa = PBXFileReference; fileEncoding = 4; lastKnownFileType = sourcecode.c.objc; name = PopMaskView.m; path = "recycle code/PopMaskView.m"; sourceTree = "<group>"; };
		BC8C65A31C170BB800CBE788 /* PopMaskView.xib */ = {isa = PBXFileReference; fileEncoding = 4; lastKnownFileType = file.xib; name = PopMaskView.xib; path = "recycle code/PopMaskView.xib"; sourceTree = "<group>"; };
		BC9EAC901C2173B00068DC76 /* SimpleAnimationViewController.h */ = {isa = PBXFileReference; fileEncoding = 4; lastKnownFileType = sourcecode.c.h; name = SimpleAnimationViewController.h; path = dynamic/SimpleAnimationViewController.h; sourceTree = "<group>"; };
		BC9EAC911C2173B00068DC76 /* SimpleAnimationViewController.m */ = {isa = PBXFileReference; fileEncoding = 4; lastKnownFileType = sourcecode.c.objc; name = SimpleAnimationViewController.m; path = dynamic/SimpleAnimationViewController.m; sourceTree = "<group>"; };
		BC9EAC921C2173B00068DC76 /* SimpleAnimationViewController.xib */ = {isa = PBXFileReference; fileEncoding = 4; lastKnownFileType = file.xib; name = SimpleAnimationViewController.xib; path = dynamic/SimpleAnimationViewController.xib; sourceTree = "<group>"; };
		BC9EAC961C2174D50068DC76 /* SimpleBezierLayer.h */ = {isa = PBXFileReference; fileEncoding = 4; lastKnownFileType = sourcecode.c.h; name = SimpleBezierLayer.h; path = static/SimpleBezierLayer.h; sourceTree = "<group>"; };
		BC9EAC971C2174D50068DC76 /* SimpleBezierLayer.m */ = {isa = PBXFileReference; fileEncoding = 4; lastKnownFileType = sourcecode.c.objc; name = SimpleBezierLayer.m; path = static/SimpleBezierLayer.m; sourceTree = "<group>"; };
		BCA88C551C19688800470A28 /* TestViewManager.h */ = {isa = PBXFileReference; fileEncoding = 4; lastKnownFileType = sourcecode.c.h; name = TestViewManager.h; path = reactNative/TestViewManager.h; sourceTree = "<group>"; };
		BCA88C561C19688800470A28 /* TestViewManager.m */ = {isa = PBXFileReference; fileEncoding = 4; lastKnownFileType = sourcecode.c.objc; name = TestViewManager.m; path = reactNative/TestViewManager.m; sourceTree = "<group>"; };
		BCA88C581C196A2F00470A28 /* TestView.h */ = {isa = PBXFileReference; fileEncoding = 4; lastKnownFileType = sourcecode.c.h; name = TestView.h; path = reactNative/TestView.h; sourceTree = "<group>"; };
		BCA88C591C196A2F00470A28 /* TestView.m */ = {isa = PBXFileReference; fileEncoding = 4; lastKnownFileType = sourcecode.c.objc; name = TestView.m; path = reactNative/TestView.m; sourceTree = "<group>"; };
		BCA88C5B1C196A4000470A28 /* TestView.xib */ = {isa = PBXFileReference; fileEncoding = 4; lastKnownFileType = file.xib; name = TestView.xib; path = reactNative/TestView.xib; sourceTree = "<group>"; };
		BCDA75631C23AB1B00D181DB /* CollectionViewController.h */ = {isa = PBXFileReference; fileEncoding = 4; lastKnownFileType = sourcecode.c.h; name = CollectionViewController.h; path = foundation/CollectionViewController.h; sourceTree = "<group>"; };
		BCDA75641C23AB1B00D181DB /* CollectionViewController.m */ = {isa = PBXFileReference; fileEncoding = 4; lastKnownFileType = sourcecode.c.objc; name = CollectionViewController.m; path = foundation/CollectionViewController.m; sourceTree = "<group>"; };
		BCDA75651C23AB1B00D181DB /* CollectionViewController.xib */ = {isa = PBXFileReference; fileEncoding = 4; lastKnownFileType = file.xib; name = CollectionViewController.xib; path = foundation/CollectionViewController.xib; sourceTree = "<group>"; };
		BCE18E9E1C2269D600B655AB /* NotificationViewController.h */ = {isa = PBXFileReference; fileEncoding = 4; lastKnownFileType = sourcecode.c.h; name = NotificationViewController.h; path = foundation/NotificationViewController.h; sourceTree = "<group>"; };
		BCE18E9F1C2269D600B655AB /* NotificationViewController.m */ = {isa = PBXFileReference; fileEncoding = 4; lastKnownFileType = sourcecode.c.objc; name = NotificationViewController.m; path = foundation/NotificationViewController.m; sourceTree = "<group>"; };
		BCE18EA01C2269D600B655AB /* NotificationViewController.xib */ = {isa = PBXFileReference; fileEncoding = 4; lastKnownFileType = file.xib; name = NotificationViewController.xib; path = foundation/NotificationViewController.xib; sourceTree = "<group>"; };
		BCE95F2A1C17F46B00AC9899 /* React.xcodeproj */ = {isa = PBXFileReference; lastKnownFileType = "wrapper.pb-project"; name = React.xcodeproj; path = "node_modules/react-native/React/React.xcodeproj"; sourceTree = "<group>"; };
		BCE95F301C17F4E600AC9899 /* RCTActionSheet.xcodeproj */ = {isa = PBXFileReference; lastKnownFileType = "wrapper.pb-project"; name = RCTActionSheet.xcodeproj; path = "node_modules/react-native/Libraries/ActionSheetIOS/RCTActionSheet.xcodeproj"; sourceTree = "<group>"; };
		BCE95F3A1C17F59F00AC9899 /* RCTGeolocation.xcodeproj */ = {isa = PBXFileReference; lastKnownFileType = "wrapper.pb-project"; name = RCTGeolocation.xcodeproj; path = "node_modules/react-native/Libraries/Geolocation/RCTGeolocation.xcodeproj"; sourceTree = "<group>"; };
		BCE95F461C17F5F900AC9899 /* RCTImage.xcodeproj */ = {isa = PBXFileReference; lastKnownFileType = "wrapper.pb-project"; name = RCTImage.xcodeproj; path = "node_modules/react-native/Libraries/Image/RCTImage.xcodeproj"; sourceTree = "<group>"; };
		BCE95F4C1C17F63100AC9899 /* RCTLinking.xcodeproj */ = {isa = PBXFileReference; lastKnownFileType = "wrapper.pb-project"; name = RCTLinking.xcodeproj; path = "node_modules/react-native/Libraries/LinkingIOS/RCTLinking.xcodeproj"; sourceTree = "<group>"; };
		BCE95F521C17F65300AC9899 /* RCTNetwork.xcodeproj */ = {isa = PBXFileReference; lastKnownFileType = "wrapper.pb-project"; name = RCTNetwork.xcodeproj; path = "node_modules/react-native/Libraries/Network/RCTNetwork.xcodeproj"; sourceTree = "<group>"; };
		BCE95F581C17F65B00AC9899 /* RCTSettings.xcodeproj */ = {isa = PBXFileReference; lastKnownFileType = "wrapper.pb-project"; name = RCTSettings.xcodeproj; path = "node_modules/react-native/Libraries/Settings/RCTSettings.xcodeproj"; sourceTree = "<group>"; };
		BCE95F5E1C17F66600AC9899 /* RCTText.xcodeproj */ = {isa = PBXFileReference; lastKnownFileType = "wrapper.pb-project"; name = RCTText.xcodeproj; path = "node_modules/react-native/Libraries/Text/RCTText.xcodeproj"; sourceTree = "<group>"; };
		BCE95F641C17F6A000AC9899 /* RCTVibration.xcodeproj */ = {isa = PBXFileReference; lastKnownFileType = "wrapper.pb-project"; name = RCTVibration.xcodeproj; path = "node_modules/react-native/Libraries/Vibration/RCTVibration.xcodeproj"; sourceTree = "<group>"; };
		BCE95F6A1C17F6A500AC9899 /* RCTWebSocket.xcodeproj */ = {isa = PBXFileReference; lastKnownFileType = "wrapper.pb-project"; name = RCTWebSocket.xcodeproj; path = "node_modules/react-native/Libraries/WebSocket/RCTWebSocket.xcodeproj"; sourceTree = "<group>"; };
		BCEE5D351C168794002F6750 /* MBDefine.h */ = {isa = PBXFileReference; lastKnownFileType = sourcecode.c.h; path = MBDefine.h; sourceTree = "<group>"; };
		BCEE5D8D1C16CBFB002F6750 /* UIView+Util.h */ = {isa = PBXFileReference; fileEncoding = 4; lastKnownFileType = sourcecode.c.h; name = "UIView+Util.h"; path = "utils/UIView+Util.h"; sourceTree = "<group>"; };
		BCEE5D8E1C16CBFB002F6750 /* UIView+Util.m */ = {isa = PBXFileReference; fileEncoding = 4; lastKnownFileType = sourcecode.c.objc; name = "UIView+Util.m"; path = "utils/UIView+Util.m"; sourceTree = "<group>"; };
		BCEE5D901C16CC8C002F6750 /* config.h */ = {isa = PBXFileReference; lastKnownFileType = sourcecode.c.h; path = config.h; sourceTree = "<group>"; };
		BCEE5D911C16CF42002F6750 /* PopMaskViewController.h */ = {isa = PBXFileReference; fileEncoding = 4; lastKnownFileType = sourcecode.c.h; name = PopMaskViewController.h; path = "recycle code/PopMaskViewController.h"; sourceTree = "<group>"; };
		BCEE5D921C16CF42002F6750 /* PopMaskViewController.m */ = {isa = PBXFileReference; fileEncoding = 4; lastKnownFileType = sourcecode.c.objc; name = PopMaskViewController.m; path = "recycle code/PopMaskViewController.m"; sourceTree = "<group>"; };
		BCEE5D931C16CF42002F6750 /* PopMaskViewController.xib */ = {isa = PBXFileReference; fileEncoding = 4; lastKnownFileType = file.xib; name = PopMaskViewController.xib; path = "recycle code/PopMaskViewController.xib"; sourceTree = "<group>"; };
/* End PBXFileReference section */

/* Begin PBXFrameworksBuildPhase section */
		BC0279841C15650A0072ED91 /* Frameworks */ = {
			isa = PBXFrameworksBuildPhase;
			buildActionMask = 2147483647;
			files = (
				BCE95FD61C18398E00AC9899 /* libRCTActionSheet.a in Frameworks */,
				BCE95FD71C18398E00AC9899 /* libRCTGeolocation.a in Frameworks */,
				BCE95FD81C18398E00AC9899 /* libRCTImage.a in Frameworks */,
				BCE95FD91C18398E00AC9899 /* libRCTLinking.a in Frameworks */,
				BCE95FDA1C18398E00AC9899 /* libRCTNetwork.a in Frameworks */,
				BCE95FDB1C18398E00AC9899 /* libRCTSettings.a in Frameworks */,
				BCE95FDC1C18398E00AC9899 /* libRCTText.a in Frameworks */,
				BCE95FDD1C18398E00AC9899 /* libRCTVibration.a in Frameworks */,
				BCE95FDE1C18398E00AC9899 /* libRCTWebSocket.a in Frameworks */,
				BCE95FDF1C18398E00AC9899 /* libReact.a in Frameworks */,
			);
			runOnlyForDeploymentPostprocessing = 0;
		};
		BC0279A01C15650A0072ED91 /* Frameworks */ = {
			isa = PBXFrameworksBuildPhase;
			buildActionMask = 2147483647;
			files = (
			);
			runOnlyForDeploymentPostprocessing = 0;
		};
		BC0279AB1C15650A0072ED91 /* Frameworks */ = {
			isa = PBXFrameworksBuildPhase;
			buildActionMask = 2147483647;
			files = (
			);
			runOnlyForDeploymentPostprocessing = 0;
		};
/* End PBXFrameworksBuildPhase section */

/* Begin PBXGroup section */
		BC02797E1C15650A0072ED91 = {
			isa = PBXGroup;
			children = (
				BC0279891C15650A0072ED91 /* mirageBox */,
				BC0279A61C15650A0072ED91 /* mirageBoxTests */,
				BC0279B11C15650A0072ED91 /* mirageBoxUITests */,
				BC0279881C15650A0072ED91 /* Products */,
				BCE95F291C17F43D00AC9899 /* vendors */,
			);
			sourceTree = "<group>";
		};
		BC0279881C15650A0072ED91 /* Products */ = {
			isa = PBXGroup;
			children = (
				BC0279871C15650A0072ED91 /* mirageBox.app */,
				BC0279A31C15650A0072ED91 /* mirageBoxTests.xctest */,
				BC0279AE1C15650A0072ED91 /* mirageBoxUITests.xctest */,
			);
			name = Products;
			sourceTree = "<group>";
		};
		BC0279891C15650A0072ED91 /* mirageBox */ = {
			isa = PBXGroup;
			children = (
				BCEE5D901C16CC8C002F6750 /* config.h */,
				BCEE5D351C168794002F6750 /* MBDefine.h */,
				BC02798D1C15650A0072ED91 /* AppDelegate.h */,
				BC02798E1C15650A0072ED91 /* AppDelegate.m */,
				BC0279DE1C156F4B0072ED91 /* RootViewController.h */,
				BC0279DF1C156F4B0072ED91 /* RootViewController.m */,
				BC0279E01C156F4B0072ED91 /* RootViewController.xib */,
				BCEE5D8C1C16CB1A002F6750 /* utils */,
				BCE18E9C1C22697700B655AB /* foundation */,
				BC027A241C15902F0072ED91 /* static */,
				BC027A251C15A77A0072ED91 /* dynamic */,
				BCE95F9A1C17F9FD00AC9899 /* react native */,
				BCEE5D5E1C16BC7D002F6750 /* recycle code */,
				BC0279991C15650A0072ED91 /* Assets.xcassets */,
				BC02799B1C15650A0072ED91 /* LaunchScreen.storyboard */,
				BC02799E1C15650A0072ED91 /* Info.plist */,
				BC0279961C15650A0072ED91 /* mirageBox.xcdatamodeld */,
				BC02798A1C15650A0072ED91 /* Supporting Files */,
			);
			path = mirageBox;
			sourceTree = "<group>";
		};
		BC02798A1C15650A0072ED91 /* Supporting Files */ = {
			isa = PBXGroup;
			children = (
				BC02798B1C15650A0072ED91 /* main.m */,
			);
			name = "Supporting Files";
			sourceTree = "<group>";
		};
		BC0279A61C15650A0072ED91 /* mirageBoxTests */ = {
			isa = PBXGroup;
			children = (
				BC0279A71C15650A0072ED91 /* mirageBoxTests.m */,
				BC0279A91C15650A0072ED91 /* Info.plist */,
			);
			path = mirageBoxTests;
			sourceTree = "<group>";
		};
		BC0279B11C15650A0072ED91 /* mirageBoxUITests */ = {
			isa = PBXGroup;
			children = (
				BC0279B21C15650A0072ED91 /* mirageBoxUITests.m */,
				BC0279B41C15650A0072ED91 /* Info.plist */,
			);
			path = mirageBoxUITests;
			sourceTree = "<group>";
		};
		BC027A241C15902F0072ED91 /* static */ = {
			isa = PBXGroup;
			children = (
				BC027A271C15AAC00072ED91 /* BezierViewController.h */,
				BC027A281C15AAC00072ED91 /* BezierViewController.m */,
				BC027A261C15AAC00072ED91 /* BezierViewController.xib */,
				BC9EAC961C2174D50068DC76 /* SimpleBezierLayer.h */,
				BC9EAC971C2174D50068DC76 /* SimpleBezierLayer.m */,
			);
			name = static;
			sourceTree = "<group>";
		};
		BC027A251C15A77A0072ED91 /* dynamic */ = {
			isa = PBXGroup;
			children = (
				BC9EAC901C2173B00068DC76 /* SimpleAnimationViewController.h */,
				BC9EAC911C2173B00068DC76 /* SimpleAnimationViewController.m */,
				BC9EAC921C2173B00068DC76 /* SimpleAnimationViewController.xib */,
			);
			name = dynamic;
			sourceTree = "<group>";
		};
		BCE18E9C1C22697700B655AB /* foundation */ = {
			isa = PBXGroup;
			children = (
				BCE18E9E1C2269D600B655AB /* NotificationViewController.h */,
				BCE18E9F1C2269D600B655AB /* NotificationViewController.m */,
				BCE18EA01C2269D600B655AB /* NotificationViewController.xib */,
				BCDA75631C23AB1B00D181DB /* CollectionViewController.h */,
				BCDA75641C23AB1B00D181DB /* CollectionViewController.m */,
				BCDA75651C23AB1B00D181DB /* CollectionViewController.xib */,
			);
			name = foundation;
			sourceTree = "<group>";
		};
		BCE95F291C17F43D00AC9899 /* vendors */ = {
			isa = PBXGroup;
			children = (
				BCE95F2A1C17F46B00AC9899 /* React.xcodeproj */,
				BCE95F301C17F4E600AC9899 /* RCTActionSheet.xcodeproj */,
				BCE95F3A1C17F59F00AC9899 /* RCTGeolocation.xcodeproj */,
				BCE95F461C17F5F900AC9899 /* RCTImage.xcodeproj */,
				BCE95F4C1C17F63100AC9899 /* RCTLinking.xcodeproj */,
				BCE95F521C17F65300AC9899 /* RCTNetwork.xcodeproj */,
				BCE95F581C17F65B00AC9899 /* RCTSettings.xcodeproj */,
				BCE95F5E1C17F66600AC9899 /* RCTText.xcodeproj */,
				BCE95F641C17F6A000AC9899 /* RCTVibration.xcodeproj */,
				BCE95F6A1C17F6A500AC9899 /* RCTWebSocket.xcodeproj */,
			);
			name = vendors;
			sourceTree = "<group>";
		};
		BCE95F2B1C17F46B00AC9899 /* Products */ = {
			isa = PBXGroup;
			children = (
				BCE95F2F1C17F46B00AC9899 /* libReact.a */,
			);
			name = Products;
			sourceTree = "<group>";
		};
		BCE95F311C17F4E600AC9899 /* Products */ = {
			isa = PBXGroup;
			children = (
				BCE95F351C17F4E600AC9899 /* libRCTActionSheet.a */,
			);
			name = Products;
			sourceTree = "<group>";
		};
		BCE95F3B1C17F59F00AC9899 /* Products */ = {
			isa = PBXGroup;
			children = (
				BCE95F3F1C17F59F00AC9899 /* libRCTGeolocation.a */,
			);
			name = Products;
			sourceTree = "<group>";
		};
		BCE95F471C17F5F900AC9899 /* Products */ = {
			isa = PBXGroup;
			children = (
				BCE95F4B1C17F5F900AC9899 /* libRCTImage.a */,
			);
			name = Products;
			sourceTree = "<group>";
		};
		BCE95F4D1C17F63100AC9899 /* Products */ = {
			isa = PBXGroup;
			children = (
				BCE95F511C17F63100AC9899 /* libRCTLinking.a */,
			);
			name = Products;
			sourceTree = "<group>";
		};
		BCE95F531C17F65300AC9899 /* Products */ = {
			isa = PBXGroup;
			children = (
				BCE95F571C17F65300AC9899 /* libRCTNetwork.a */,
			);
			name = Products;
			sourceTree = "<group>";
		};
		BCE95F591C17F65B00AC9899 /* Products */ = {
			isa = PBXGroup;
			children = (
				BCE95F5D1C17F65C00AC9899 /* libRCTSettings.a */,
			);
			name = Products;
			sourceTree = "<group>";
		};
		BCE95F5F1C17F66600AC9899 /* Products */ = {
			isa = PBXGroup;
			children = (
				BCE95F631C17F66600AC9899 /* libRCTText.a */,
			);
			name = Products;
			sourceTree = "<group>";
		};
		BCE95F651C17F6A000AC9899 /* Products */ = {
			isa = PBXGroup;
			children = (
				BCE95F691C17F6A000AC9899 /* libRCTVibration.a */,
			);
			name = Products;
			sourceTree = "<group>";
		};
		BCE95F6B1C17F6A500AC9899 /* Products */ = {
			isa = PBXGroup;
			children = (
				BCE95F6F1C17F6A500AC9899 /* libRCTWebSocket.a */,
			);
			name = Products;
			sourceTree = "<group>";
		};
		BCE95F9A1C17F9FD00AC9899 /* react native */ = {
			isa = PBXGroup;
			children = (
				BCA88C551C19688800470A28 /* TestViewManager.h */,
				BCA88C561C19688800470A28 /* TestViewManager.m */,
				BCA88C581C196A2F00470A28 /* TestView.h */,
				BCA88C591C196A2F00470A28 /* TestView.m */,
				BCA88C5B1C196A4000470A28 /* TestView.xib */,
			);
			name = "react native";
			sourceTree = "<group>";
		};
		BCEE5D5E1C16BC7D002F6750 /* recycle code */ = {
			isa = PBXGroup;
			children = (
				BCEE5D911C16CF42002F6750 /* PopMaskViewController.h */,
				BCEE5D921C16CF42002F6750 /* PopMaskViewController.m */,
				BCEE5D931C16CF42002F6750 /* PopMaskViewController.xib */,
				BC8C65A01C170B9F00CBE788 /* PopMaskView.h */,
				BC8C65A11C170B9F00CBE788 /* PopMaskView.m */,
				BC8C65A31C170BB800CBE788 /* PopMaskView.xib */,
			);
			name = "recycle code";
			sourceTree = "<group>";
		};
		BCEE5D8C1C16CB1A002F6750 /* utils */ = {
			isa = PBXGroup;
			children = (
				BCEE5D8D1C16CBFB002F6750 /* UIView+Util.h */,
				BCEE5D8E1C16CBFB002F6750 /* UIView+Util.m */,
				BC8C65851C16DE8A00CBE788 /* MBUtils.h */,
				BC8C65861C16DE8A00CBE788 /* MBUtils.m */,
			);
			name = utils;
			sourceTree = "<group>";
		};
/* End PBXGroup section */

/* Begin PBXNativeTarget section */
		BC0279861C15650A0072ED91 /* mirageBox */ = {
			isa = PBXNativeTarget;
			buildConfigurationList = BC0279B71C15650A0072ED91 /* Build configuration list for PBXNativeTarget "mirageBox" */;
			buildPhases = (
				BC0279831C15650A0072ED91 /* Sources */,
				BC0279841C15650A0072ED91 /* Frameworks */,
				BC0279851C15650A0072ED91 /* Resources */,
			);
			buildRules = (
			);
			dependencies = (
				BCE960161C18406900AC9899 /* PBXTargetDependency */,
				BCE960181C18406900AC9899 /* PBXTargetDependency */,
				BCE9601A1C18406900AC9899 /* PBXTargetDependency */,
				BCE9601C1C18406900AC9899 /* PBXTargetDependency */,
				BCE9601E1C18406900AC9899 /* PBXTargetDependency */,
				BCE960201C18406900AC9899 /* PBXTargetDependency */,
				BCE960221C18406900AC9899 /* PBXTargetDependency */,
				BCE960241C18406900AC9899 /* PBXTargetDependency */,
				BCE960261C18406900AC9899 /* PBXTargetDependency */,
			);
			name = mirageBox;
			productName = mirageBox;
			productReference = BC0279871C15650A0072ED91 /* mirageBox.app */;
			productType = "com.apple.product-type.application";
		};
		BC0279A21C15650A0072ED91 /* mirageBoxTests */ = {
			isa = PBXNativeTarget;
			buildConfigurationList = BC0279BA1C15650A0072ED91 /* Build configuration list for PBXNativeTarget "mirageBoxTests" */;
			buildPhases = (
				BC02799F1C15650A0072ED91 /* Sources */,
				BC0279A01C15650A0072ED91 /* Frameworks */,
				BC0279A11C15650A0072ED91 /* Resources */,
			);
			buildRules = (
			);
			dependencies = (
				BC0279A51C15650A0072ED91 /* PBXTargetDependency */,
			);
			name = mirageBoxTests;
			productName = mirageBoxTests;
			productReference = BC0279A31C15650A0072ED91 /* mirageBoxTests.xctest */;
			productType = "com.apple.product-type.bundle.unit-test";
		};
		BC0279AD1C15650A0072ED91 /* mirageBoxUITests */ = {
			isa = PBXNativeTarget;
			buildConfigurationList = BC0279BD1C15650A0072ED91 /* Build configuration list for PBXNativeTarget "mirageBoxUITests" */;
			buildPhases = (
				BC0279AA1C15650A0072ED91 /* Sources */,
				BC0279AB1C15650A0072ED91 /* Frameworks */,
				BC0279AC1C15650A0072ED91 /* Resources */,
			);
			buildRules = (
			);
			dependencies = (
				BC0279B01C15650A0072ED91 /* PBXTargetDependency */,
			);
			name = mirageBoxUITests;
			productName = mirageBoxUITests;
			productReference = BC0279AE1C15650A0072ED91 /* mirageBoxUITests.xctest */;
			productType = "com.apple.product-type.bundle.ui-testing";
		};
/* End PBXNativeTarget section */

/* Begin PBXProject section */
		BC02797F1C15650A0072ED91 /* Project object */ = {
			isa = PBXProject;
			attributes = {
				LastUpgradeCheck = 0700;
				ORGANIZATIONNAME = vidalicious;
				TargetAttributes = {
					BC0279861C15650A0072ED91 = {
						CreatedOnToolsVersion = 7.0;
					};
					BC0279A21C15650A0072ED91 = {
						CreatedOnToolsVersion = 7.0;
						TestTargetID = BC0279861C15650A0072ED91;
					};
					BC0279AD1C15650A0072ED91 = {
						CreatedOnToolsVersion = 7.0;
						TestTargetID = BC0279861C15650A0072ED91;
					};
				};
			};
			buildConfigurationList = BC0279821C15650A0072ED91 /* Build configuration list for PBXProject "mirageBox" */;
			compatibilityVersion = "Xcode 3.2";
			developmentRegion = English;
			hasScannedForEncodings = 0;
			knownRegions = (
				en,
				Base,
			);
			mainGroup = BC02797E1C15650A0072ED91;
			productRefGroup = BC0279881C15650A0072ED91 /* Products */;
			projectDirPath = "";
			projectReferences = (
				{
					ProductGroup = BCE95F311C17F4E600AC9899 /* Products */;
					ProjectRef = BCE95F301C17F4E600AC9899 /* RCTActionSheet.xcodeproj */;
				},
				{
					ProductGroup = BCE95F3B1C17F59F00AC9899 /* Products */;
					ProjectRef = BCE95F3A1C17F59F00AC9899 /* RCTGeolocation.xcodeproj */;
				},
				{
					ProductGroup = BCE95F471C17F5F900AC9899 /* Products */;
					ProjectRef = BCE95F461C17F5F900AC9899 /* RCTImage.xcodeproj */;
				},
				{
					ProductGroup = BCE95F4D1C17F63100AC9899 /* Products */;
					ProjectRef = BCE95F4C1C17F63100AC9899 /* RCTLinking.xcodeproj */;
				},
				{
					ProductGroup = BCE95F531C17F65300AC9899 /* Products */;
					ProjectRef = BCE95F521C17F65300AC9899 /* RCTNetwork.xcodeproj */;
				},
				{
					ProductGroup = BCE95F591C17F65B00AC9899 /* Products */;
					ProjectRef = BCE95F581C17F65B00AC9899 /* RCTSettings.xcodeproj */;
				},
				{
					ProductGroup = BCE95F5F1C17F66600AC9899 /* Products */;
					ProjectRef = BCE95F5E1C17F66600AC9899 /* RCTText.xcodeproj */;
				},
				{
					ProductGroup = BCE95F651C17F6A000AC9899 /* Products */;
					ProjectRef = BCE95F641C17F6A000AC9899 /* RCTVibration.xcodeproj */;
				},
				{
					ProductGroup = BCE95F6B1C17F6A500AC9899 /* Products */;
					ProjectRef = BCE95F6A1C17F6A500AC9899 /* RCTWebSocket.xcodeproj */;
				},
				{
					ProductGroup = BCE95F2B1C17F46B00AC9899 /* Products */;
					ProjectRef = BCE95F2A1C17F46B00AC9899 /* React.xcodeproj */;
				},
			);
			projectRoot = "";
			targets = (
				BC0279861C15650A0072ED91 /* mirageBox */,
				BC0279A21C15650A0072ED91 /* mirageBoxTests */,
				BC0279AD1C15650A0072ED91 /* mirageBoxUITests */,
			);
		};
/* End PBXProject section */

/* Begin PBXReferenceProxy section */
		BCE95F2F1C17F46B00AC9899 /* libReact.a */ = {
			isa = PBXReferenceProxy;
			fileType = archive.ar;
			path = libReact.a;
			remoteRef = BCE95F2E1C17F46B00AC9899 /* PBXContainerItemProxy */;
			sourceTree = BUILT_PRODUCTS_DIR;
		};
		BCE95F351C17F4E600AC9899 /* libRCTActionSheet.a */ = {
			isa = PBXReferenceProxy;
			fileType = archive.ar;
			path = libRCTActionSheet.a;
			remoteRef = BCE95F341C17F4E600AC9899 /* PBXContainerItemProxy */;
			sourceTree = BUILT_PRODUCTS_DIR;
		};
		BCE95F3F1C17F59F00AC9899 /* libRCTGeolocation.a */ = {
			isa = PBXReferenceProxy;
			fileType = archive.ar;
			path = libRCTGeolocation.a;
			remoteRef = BCE95F3E1C17F59F00AC9899 /* PBXContainerItemProxy */;
			sourceTree = BUILT_PRODUCTS_DIR;
		};
		BCE95F4B1C17F5F900AC9899 /* libRCTImage.a */ = {
			isa = PBXReferenceProxy;
			fileType = archive.ar;
			path = libRCTImage.a;
			remoteRef = BCE95F4A1C17F5F900AC9899 /* PBXContainerItemProxy */;
			sourceTree = BUILT_PRODUCTS_DIR;
		};
		BCE95F511C17F63100AC9899 /* libRCTLinking.a */ = {
			isa = PBXReferenceProxy;
			fileType = archive.ar;
			path = libRCTLinking.a;
			remoteRef = BCE95F501C17F63100AC9899 /* PBXContainerItemProxy */;
			sourceTree = BUILT_PRODUCTS_DIR;
		};
		BCE95F571C17F65300AC9899 /* libRCTNetwork.a */ = {
			isa = PBXReferenceProxy;
			fileType = archive.ar;
			path = libRCTNetwork.a;
			remoteRef = BCE95F561C17F65300AC9899 /* PBXContainerItemProxy */;
			sourceTree = BUILT_PRODUCTS_DIR;
		};
		BCE95F5D1C17F65C00AC9899 /* libRCTSettings.a */ = {
			isa = PBXReferenceProxy;
			fileType = archive.ar;
			path = libRCTSettings.a;
			remoteRef = BCE95F5C1C17F65C00AC9899 /* PBXContainerItemProxy */;
			sourceTree = BUILT_PRODUCTS_DIR;
		};
		BCE95F631C17F66600AC9899 /* libRCTText.a */ = {
			isa = PBXReferenceProxy;
			fileType = archive.ar;
			path = libRCTText.a;
			remoteRef = BCE95F621C17F66600AC9899 /* PBXContainerItemProxy */;
			sourceTree = BUILT_PRODUCTS_DIR;
		};
		BCE95F691C17F6A000AC9899 /* libRCTVibration.a */ = {
			isa = PBXReferenceProxy;
			fileType = archive.ar;
			path = libRCTVibration.a;
			remoteRef = BCE95F681C17F6A000AC9899 /* PBXContainerItemProxy */;
			sourceTree = BUILT_PRODUCTS_DIR;
		};
		BCE95F6F1C17F6A500AC9899 /* libRCTWebSocket.a */ = {
			isa = PBXReferenceProxy;
			fileType = archive.ar;
			path = libRCTWebSocket.a;
			remoteRef = BCE95F6E1C17F6A500AC9899 /* PBXContainerItemProxy */;
			sourceTree = BUILT_PRODUCTS_DIR;
		};
/* End PBXReferenceProxy section */

/* Begin PBXResourcesBuildPhase section */
		BC0279851C15650A0072ED91 /* Resources */ = {
			isa = PBXResourcesBuildPhase;
			buildActionMask = 2147483647;
			files = (
				BC02799D1C15650A0072ED91 /* LaunchScreen.storyboard in Resources */,
				BC9EAC941C2173B00068DC76 /* SimpleAnimationViewController.xib in Resources */,
				BC8C65A61C17133100CBE788 /* PopMaskView.xib in Resources */,
				BC8C65A91C1714B500CBE788 /* PopMaskViewController.xib in Resources */,
				BC8C65A71C1714AA00CBE788 /* RootViewController.xib in Resources */,
				BC8C65A81C1714B000CBE788 /* BezierViewController.xib in Resources */,
				BCDA75671C23AB1B00D181DB /* CollectionViewController.xib in Resources */,
				BCE18EA21C2269D600B655AB /* NotificationViewController.xib in Resources */,
				BCA88C5C1C196A4000470A28 /* TestView.xib in Resources */,
				BC02799A1C15650A0072ED91 /* Assets.xcassets in Resources */,
			);
			runOnlyForDeploymentPostprocessing = 0;
		};
		BC0279A11C15650A0072ED91 /* Resources */ = {
			isa = PBXResourcesBuildPhase;
			buildActionMask = 2147483647;
			files = (
			);
			runOnlyForDeploymentPostprocessing = 0;
		};
		BC0279AC1C15650A0072ED91 /* Resources */ = {
			isa = PBXResourcesBuildPhase;
			buildActionMask = 2147483647;
			files = (
			);
			runOnlyForDeploymentPostprocessing = 0;
		};
/* End PBXResourcesBuildPhase section */

/* Begin PBXSourcesBuildPhase section */
		BC0279831C15650A0072ED91 /* Sources */ = {
			isa = PBXSourcesBuildPhase;
			buildActionMask = 2147483647;
			files = (
				BC027A2A1C15AAC00072ED91 /* BezierViewController.m in Sources */,
				BCEE5D8F1C16CBFB002F6750 /* UIView+Util.m in Sources */,
				BC0279981C15650A0072ED91 /* mirageBox.xcdatamodeld in Sources */,
				BC8C65A21C170B9F00CBE788 /* PopMaskView.m in Sources */,
				BCA88C571C19688800470A28 /* TestViewManager.m in Sources */,
				BC9EAC981C2174D50068DC76 /* SimpleBezierLayer.m in Sources */,
				BCEE5D941C16CF42002F6750 /* PopMaskViewController.m in Sources */,
				BCE18EA11C2269D600B655AB /* NotificationViewController.m in Sources */,
				BCDA75661C23AB1B00D181DB /* CollectionViewController.m in Sources */,
				BCA88C5A1C196A2F00470A28 /* TestView.m in Sources */,
				BC9EAC931C2173B00068DC76 /* SimpleAnimationViewController.m in Sources */,
				BC8C65871C16DE8A00CBE788 /* MBUtils.m in Sources */,
				BC02798F1C15650A0072ED91 /* AppDelegate.m in Sources */,
				BC02798C1C15650A0072ED91 /* main.m in Sources */,
				BC0279E11C156F4B0072ED91 /* RootViewController.m in Sources */,
			);
			runOnlyForDeploymentPostprocessing = 0;
		};
		BC02799F1C15650A0072ED91 /* Sources */ = {
			isa = PBXSourcesBuildPhase;
			buildActionMask = 2147483647;
			files = (
				BC0279A81C15650A0072ED91 /* mirageBoxTests.m in Sources */,
			);
			runOnlyForDeploymentPostprocessing = 0;
		};
		BC0279AA1C15650A0072ED91 /* Sources */ = {
			isa = PBXSourcesBuildPhase;
			buildActionMask = 2147483647;
			files = (
				BC0279B31C15650A0072ED91 /* mirageBoxUITests.m in Sources */,
			);
			runOnlyForDeploymentPostprocessing = 0;
		};
/* End PBXSourcesBuildPhase section */

/* Begin PBXTargetDependency section */
		BC0279A51C15650A0072ED91 /* PBXTargetDependency */ = {
			isa = PBXTargetDependency;
			target = BC0279861C15650A0072ED91 /* mirageBox */;
			targetProxy = BC0279A41C15650A0072ED91 /* PBXContainerItemProxy */;
		};
		BC0279B01C15650A0072ED91 /* PBXTargetDependency */ = {
			isa = PBXTargetDependency;
			target = BC0279861C15650A0072ED91 /* mirageBox */;
			targetProxy = BC0279AF1C15650A0072ED91 /* PBXContainerItemProxy */;
		};
		BCE960161C18406900AC9899 /* PBXTargetDependency */ = {
			isa = PBXTargetDependency;
			name = RCTActionSheet;
			targetProxy = BCE960151C18406900AC9899 /* PBXContainerItemProxy */;
		};
		BCE960181C18406900AC9899 /* PBXTargetDependency */ = {
			isa = PBXTargetDependency;
			name = RCTGeolocation;
			targetProxy = BCE960171C18406900AC9899 /* PBXContainerItemProxy */;
		};
		BCE9601A1C18406900AC9899 /* PBXTargetDependency */ = {
			isa = PBXTargetDependency;
			name = RCTImage;
			targetProxy = BCE960191C18406900AC9899 /* PBXContainerItemProxy */;
		};
		BCE9601C1C18406900AC9899 /* PBXTargetDependency */ = {
			isa = PBXTargetDependency;
			name = RCTLinking;
			targetProxy = BCE9601B1C18406900AC9899 /* PBXContainerItemProxy */;
		};
		BCE9601E1C18406900AC9899 /* PBXTargetDependency */ = {
			isa = PBXTargetDependency;
			name = RCTNetwork;
			targetProxy = BCE9601D1C18406900AC9899 /* PBXContainerItemProxy */;
		};
		BCE960201C18406900AC9899 /* PBXTargetDependency */ = {
			isa = PBXTargetDependency;
			name = RCTSettings;
			targetProxy = BCE9601F1C18406900AC9899 /* PBXContainerItemProxy */;
		};
		BCE960221C18406900AC9899 /* PBXTargetDependency */ = {
			isa = PBXTargetDependency;
			name = RCTText;
			targetProxy = BCE960211C18406900AC9899 /* PBXContainerItemProxy */;
		};
		BCE960241C18406900AC9899 /* PBXTargetDependency */ = {
			isa = PBXTargetDependency;
			name = RCTVibration;
			targetProxy = BCE960231C18406900AC9899 /* PBXContainerItemProxy */;
		};
		BCE960261C18406900AC9899 /* PBXTargetDependency */ = {
			isa = PBXTargetDependency;
			name = RCTWebSocket;
			targetProxy = BCE960251C18406900AC9899 /* PBXContainerItemProxy */;
		};
/* End PBXTargetDependency section */

/* Begin PBXVariantGroup section */
		BC02799B1C15650A0072ED91 /* LaunchScreen.storyboard */ = {
			isa = PBXVariantGroup;
			children = (
				BC02799C1C15650A0072ED91 /* Base */,
			);
			name = LaunchScreen.storyboard;
			sourceTree = "<group>";
		};
/* End PBXVariantGroup section */

/* Begin XCBuildConfiguration section */
		BC0279B51C15650A0072ED91 /* Debug */ = {
			isa = XCBuildConfiguration;
			buildSettings = {
				ALWAYS_SEARCH_USER_PATHS = NO;
				CLANG_CXX_LANGUAGE_STANDARD = "gnu++0x";
				CLANG_CXX_LIBRARY = "libc++";
				CLANG_ENABLE_MODULES = YES;
				CLANG_ENABLE_OBJC_ARC = YES;
				CLANG_WARN_BOOL_CONVERSION = YES;
				CLANG_WARN_CONSTANT_CONVERSION = YES;
				CLANG_WARN_DIRECT_OBJC_ISA_USAGE = YES_ERROR;
				CLANG_WARN_EMPTY_BODY = YES;
				CLANG_WARN_ENUM_CONVERSION = YES;
				CLANG_WARN_INT_CONVERSION = YES;
				CLANG_WARN_OBJC_ROOT_CLASS = YES_ERROR;
				CLANG_WARN_UNREACHABLE_CODE = YES;
				CLANG_WARN__DUPLICATE_METHOD_MATCH = YES;
				"CODE_SIGN_IDENTITY[sdk=iphoneos*]" = "iPhone Developer";
				COPY_PHASE_STRIP = NO;
				DEBUG_INFORMATION_FORMAT = dwarf;
				ENABLE_STRICT_OBJC_MSGSEND = YES;
				ENABLE_TESTABILITY = YES;
				GCC_C_LANGUAGE_STANDARD = gnu99;
				GCC_DYNAMIC_NO_PIC = NO;
				GCC_NO_COMMON_BLOCKS = YES;
				GCC_OPTIMIZATION_LEVEL = 0;
				GCC_PREPROCESSOR_DEFINITIONS = (
					"DEBUG=1",
					"$(inherited)",
				);
				GCC_WARN_64_TO_32_BIT_CONVERSION = YES;
				GCC_WARN_ABOUT_RETURN_TYPE = YES_ERROR;
				GCC_WARN_UNDECLARED_SELECTOR = YES;
				GCC_WARN_UNINITIALIZED_AUTOS = YES_AGGRESSIVE;
				GCC_WARN_UNUSED_FUNCTION = YES;
				GCC_WARN_UNUSED_VARIABLE = YES;
				IPHONEOS_DEPLOYMENT_TARGET = 9.0;
				MTL_ENABLE_DEBUG_INFO = YES;
				ONLY_ACTIVE_ARCH = YES;
				SDKROOT = iphoneos;
				TARGETED_DEVICE_FAMILY = "1,2";
			};
			name = Debug;
		};
		BC0279B61C15650A0072ED91 /* Release */ = {
			isa = XCBuildConfiguration;
			buildSettings = {
				ALWAYS_SEARCH_USER_PATHS = NO;
				CLANG_CXX_LANGUAGE_STANDARD = "gnu++0x";
				CLANG_CXX_LIBRARY = "libc++";
				CLANG_ENABLE_MODULES = YES;
				CLANG_ENABLE_OBJC_ARC = YES;
				CLANG_WARN_BOOL_CONVERSION = YES;
				CLANG_WARN_CONSTANT_CONVERSION = YES;
				CLANG_WARN_DIRECT_OBJC_ISA_USAGE = YES_ERROR;
				CLANG_WARN_EMPTY_BODY = YES;
				CLANG_WARN_ENUM_CONVERSION = YES;
				CLANG_WARN_INT_CONVERSION = YES;
				CLANG_WARN_OBJC_ROOT_CLASS = YES_ERROR;
				CLANG_WARN_UNREACHABLE_CODE = YES;
				CLANG_WARN__DUPLICATE_METHOD_MATCH = YES;
				"CODE_SIGN_IDENTITY[sdk=iphoneos*]" = "iPhone Developer";
				COPY_PHASE_STRIP = NO;
				DEBUG_INFORMATION_FORMAT = "dwarf-with-dsym";
				ENABLE_NS_ASSERTIONS = NO;
				ENABLE_STRICT_OBJC_MSGSEND = YES;
				GCC_C_LANGUAGE_STANDARD = gnu99;
				GCC_NO_COMMON_BLOCKS = YES;
				GCC_WARN_64_TO_32_BIT_CONVERSION = YES;
				GCC_WARN_ABOUT_RETURN_TYPE = YES_ERROR;
				GCC_WARN_UNDECLARED_SELECTOR = YES;
				GCC_WARN_UNINITIALIZED_AUTOS = YES_AGGRESSIVE;
				GCC_WARN_UNUSED_FUNCTION = YES;
				GCC_WARN_UNUSED_VARIABLE = YES;
				IPHONEOS_DEPLOYMENT_TARGET = 9.0;
				MTL_ENABLE_DEBUG_INFO = NO;
				SDKROOT = iphoneos;
				TARGETED_DEVICE_FAMILY = "1,2";
				VALIDATE_PRODUCT = YES;
			};
			name = Release;
		};
		BC0279B81C15650A0072ED91 /* Debug */ = {
			isa = XCBuildConfiguration;
			buildSettings = {
				ASSETCATALOG_COMPILER_APPICON_NAME = AppIcon;
				"CODE_SIGN_IDENTITY[sdk=iphoneos*]" = "";
				HEADER_SEARCH_PATHS = "$(SRCROOT)/node_modules/react-native/React/**";
				INFOPLIST_FILE = mirageBox/Info.plist;
				IPHONEOS_DEPLOYMENT_TARGET = 7.1;
				LD_RUNPATH_SEARCH_PATHS = "$(inherited) @executable_path/Frameworks";
				LIBRARY_SEARCH_PATHS = "";
				ONLY_ACTIVE_ARCH = NO;
				OTHER_LDFLAGS = "-ObjC";
				PRODUCT_BUNDLE_IDENTIFIER = vidalicious.mirageBox;
				PRODUCT_NAME = "$(TARGET_NAME)";
				USER_HEADER_SEARCH_PATHS = "";
			};
			name = Debug;
		};
		BC0279B91C15650A0072ED91 /* Release */ = {
			isa = XCBuildConfiguration;
			buildSettings = {
				ASSETCATALOG_COMPILER_APPICON_NAME = AppIcon;
				HEADER_SEARCH_PATHS = "$(SRCROOT)/node_modules/react-native/React/**";
				INFOPLIST_FILE = mirageBox/Info.plist;
				IPHONEOS_DEPLOYMENT_TARGET = 7.1;
				LD_RUNPATH_SEARCH_PATHS = "$(inherited) @executable_path/Frameworks";
				LIBRARY_SEARCH_PATHS = "";
				OTHER_LDFLAGS = "-ObjC";
				PRODUCT_BUNDLE_IDENTIFIER = vidalicious.mirageBox;
				PRODUCT_NAME = "$(TARGET_NAME)";
				USER_HEADER_SEARCH_PATHS = "";
			};
			name = Release;
		};
		BC0279BB1C15650A0072ED91 /* Debug */ = {
			isa = XCBuildConfiguration;
			buildSettings = {
				BUNDLE_LOADER = "$(TEST_HOST)";
				INFOPLIST_FILE = mirageBoxTests/Info.plist;
				LD_RUNPATH_SEARCH_PATHS = "$(inherited) @executable_path/Frameworks @loader_path/Frameworks";
				PRODUCT_BUNDLE_IDENTIFIER = vidalicious.mirageBoxTests;
				PRODUCT_NAME = "$(TARGET_NAME)";
				TEST_HOST = "$(BUILT_PRODUCTS_DIR)/mirageBox.app/mirageBox";
			};
			name = Debug;
		};
		BC0279BC1C15650A0072ED91 /* Release */ = {
			isa = XCBuildConfiguration;
			buildSettings = {
				BUNDLE_LOADER = "$(TEST_HOST)";
				INFOPLIST_FILE = mirageBoxTests/Info.plist;
				LD_RUNPATH_SEARCH_PATHS = "$(inherited) @executable_path/Frameworks @loader_path/Frameworks";
				PRODUCT_BUNDLE_IDENTIFIER = vidalicious.mirageBoxTests;
				PRODUCT_NAME = "$(TARGET_NAME)";
				TEST_HOST = "$(BUILT_PRODUCTS_DIR)/mirageBox.app/mirageBox";
			};
			name = Release;
		};
		BC0279BE1C15650A0072ED91 /* Debug */ = {
			isa = XCBuildConfiguration;
			buildSettings = {
				INFOPLIST_FILE = mirageBoxUITests/Info.plist;
				LD_RUNPATH_SEARCH_PATHS = "$(inherited) @executable_path/Frameworks @loader_path/Frameworks";
				PRODUCT_BUNDLE_IDENTIFIER = vidalicious.mirageBoxUITests;
				PRODUCT_NAME = "$(TARGET_NAME)";
				TEST_TARGET_NAME = mirageBox;
				USES_XCTRUNNER = YES;
			};
			name = Debug;
		};
		BC0279BF1C15650A0072ED91 /* Release */ = {
			isa = XCBuildConfiguration;
			buildSettings = {
				INFOPLIST_FILE = mirageBoxUITests/Info.plist;
				LD_RUNPATH_SEARCH_PATHS = "$(inherited) @executable_path/Frameworks @loader_path/Frameworks";
				PRODUCT_BUNDLE_IDENTIFIER = vidalicious.mirageBoxUITests;
				PRODUCT_NAME = "$(TARGET_NAME)";
				TEST_TARGET_NAME = mirageBox;
				USES_XCTRUNNER = YES;
			};
			name = Release;
		};
/* End XCBuildConfiguration section */

/* Begin XCConfigurationList section */
		BC0279821C15650A0072ED91 /* Build configuration list for PBXProject "mirageBox" */ = {
			isa = XCConfigurationList;
			buildConfigurations = (
				BC0279B51C15650A0072ED91 /* Debug */,
				BC0279B61C15650A0072ED91 /* Release */,
			);
			defaultConfigurationIsVisible = 0;
			defaultConfigurationName = Release;
		};
		BC0279B71C15650A0072ED91 /* Build configuration list for PBXNativeTarget "mirageBox" */ = {
			isa = XCConfigurationList;
			buildConfigurations = (
				BC0279B81C15650A0072ED91 /* Debug */,
				BC0279B91C15650A0072ED91 /* Release */,
			);
			defaultConfigurationIsVisible = 0;
			defaultConfigurationName = Release;
		};
		BC0279BA1C15650A0072ED91 /* Build configuration list for PBXNativeTarget "mirageBoxTests" */ = {
			isa = XCConfigurationList;
			buildConfigurations = (
				BC0279BB1C15650A0072ED91 /* Debug */,
				BC0279BC1C15650A0072ED91 /* Release */,
			);
			defaultConfigurationIsVisible = 0;
			defaultConfigurationName = Release;
		};
		BC0279BD1C15650A0072ED91 /* Build configuration list for PBXNativeTarget "mirageBoxUITests" */ = {
			isa = XCConfigurationList;
			buildConfigurations = (
				BC0279BE1C15650A0072ED91 /* Debug */,
				BC0279BF1C15650A0072ED91 /* Release */,
			);
			defaultConfigurationIsVisible = 0;
			defaultConfigurationName = Release;
		};
/* End XCConfigurationList section */

/* Begin XCVersionGroup section */
		BC0279961C15650A0072ED91 /* mirageBox.xcdatamodeld */ = {
			isa = XCVersionGroup;
			children = (
				BC0279971C15650A0072ED91 /* mirageBox.xcdatamodel */,
			);
			currentVersion = BC0279971C15650A0072ED91 /* mirageBox.xcdatamodel */;
			path = mirageBox.xcdatamodeld;
			sourceTree = "<group>";
			versionGroupType = wrapper.xcdatamodel;
		};
/* End XCVersionGroup section */
	};
	rootObject = BC02797F1C15650A0072ED91 /* Project object */;
}
